// !$*UTF8*$!
{
	archiveVersion = 1;
	classes = {
	};
	objectVersion = 56;
	objects = {

/* Begin PBXBuildFile section */
		1F98FA322948AA4A00C07FE3 /* BLESwiftUIApp.swift in Sources */ = {isa = PBXBuildFile; fileRef = 1F98FA312948AA4A00C07FE3 /* BLESwiftUIApp.swift */; };
		1F98FA342948AA4A00C07FE3 /* ContentView.swift in Sources */ = {isa = PBXBuildFile; fileRef = 1F98FA332948AA4A00C07FE3 /* ContentView.swift */; };
		1F98FA362948AA4C00C07FE3 /* Assets.xcassets in Resources */ = {isa = PBXBuildFile; fileRef = 1F98FA352948AA4C00C07FE3 /* Assets.xcassets */; };
		1F98FA392948AA4C00C07FE3 /* Preview Assets.xcassets in Resources */ = {isa = PBXBuildFile; fileRef = 1F98FA382948AA4C00C07FE3 /* Preview Assets.xcassets */; };
		1F98FA402948AC3B00C07FE3 /* DeviceList.swift in Sources */ = {isa = PBXBuildFile; fileRef = 1F98FA3F2948AC3B00C07FE3 /* DeviceList.swift */; };
		1F98FA422948B50A00C07FE3 /* BLEManager.swift in Sources */ = {isa = PBXBuildFile; fileRef = 1F98FA412948B50A00C07FE3 /* BLEManager.swift */; };
		1F98FA442948DE4800C07FE3 /* Peripheral.swift in Sources */ = {isa = PBXBuildFile; fileRef = 1F98FA432948DE4800C07FE3 /* Peripheral.swift */; };
		1F98FA482949D24600C07FE3 /* CustomButton.swift in Sources */ = {isa = PBXBuildFile; fileRef = 1F98FA472949D24600C07FE3 /* CustomButton.swift */; };
		1F98FA4C2949FED500C07FE3 /* PeripheralDetail.swift in Sources */ = {isa = PBXBuildFile; fileRef = 1F98FA4B2949FED500C07FE3 /* PeripheralDetail.swift */; };
		1F98FA5E295096AD00C07FE3 /* PeripheralViewModel.swift in Sources */ = {isa = PBXBuildFile; fileRef = 1F98FA5D295096AD00C07FE3 /* PeripheralViewModel.swift */; };
		1F98FA6029549F0E00C07FE3 /* ScanControls.swift in Sources */ = {isa = PBXBuildFile; fileRef = 1F98FA5F29549F0E00C07FE3 /* ScanControls.swift */; };
		1F98FA6229561F1E00C07FE3 /* Constants.swift in Sources */ = {isa = PBXBuildFile; fileRef = 1F98FA6129561F1E00C07FE3 /* Constants.swift */; };
		1FC7051D29706C0000EB191B /* DeviceModel.swift in Sources */ = {isa = PBXBuildFile; fileRef = 1FC7051C29706C0000EB191B /* DeviceModel.swift */; };
/* End PBXBuildFile section */

/* Begin PBXFileReference section */
		1F98FA2E2948AA4A00C07FE3 /* BLESwiftUI.app */ = {isa = PBXFileReference; explicitFileType = wrapper.application; includeInIndex = 0; path = BLESwiftUI.app; sourceTree = BUILT_PRODUCTS_DIR; };
		1F98FA312948AA4A00C07FE3 /* BLESwiftUIApp.swift */ = {isa = PBXFileReference; lastKnownFileType = sourcecode.swift; path = BLESwiftUIApp.swift; sourceTree = "<group>"; };
		1F98FA332948AA4A00C07FE3 /* ContentView.swift */ = {isa = PBXFileReference; lastKnownFileType = sourcecode.swift; path = ContentView.swift; sourceTree = "<group>"; };
		1F98FA352948AA4C00C07FE3 /* Assets.xcassets */ = {isa = PBXFileReference; lastKnownFileType = folder.assetcatalog; path = Assets.xcassets; sourceTree = "<group>"; };
		1F98FA382948AA4C00C07FE3 /* Preview Assets.xcassets */ = {isa = PBXFileReference; lastKnownFileType = folder.assetcatalog; path = "Preview Assets.xcassets"; sourceTree = "<group>"; };
		1F98FA3F2948AC3B00C07FE3 /* DeviceList.swift */ = {isa = PBXFileReference; lastKnownFileType = sourcecode.swift; path = DeviceList.swift; sourceTree = "<group>"; };
		1F98FA412948B50A00C07FE3 /* BLEManager.swift */ = {isa = PBXFileReference; lastKnownFileType = sourcecode.swift; path = BLEManager.swift; sourceTree = "<group>"; };
		1F98FA432948DE4800C07FE3 /* Peripheral.swift */ = {isa = PBXFileReference; lastKnownFileType = sourcecode.swift; path = Peripheral.swift; sourceTree = "<group>"; };
		1F98FA472949D24600C07FE3 /* CustomButton.swift */ = {isa = PBXFileReference; lastKnownFileType = sourcecode.swift; path = CustomButton.swift; sourceTree = "<group>"; };
		1F98FA4B2949FED500C07FE3 /* PeripheralDetail.swift */ = {isa = PBXFileReference; lastKnownFileType = sourcecode.swift; path = PeripheralDetail.swift; sourceTree = "<group>"; };
		1F98FA5D295096AD00C07FE3 /* PeripheralViewModel.swift */ = {isa = PBXFileReference; lastKnownFileType = sourcecode.swift; path = PeripheralViewModel.swift; sourceTree = "<group>"; };
		1F98FA5F29549F0E00C07FE3 /* ScanControls.swift */ = {isa = PBXFileReference; lastKnownFileType = sourcecode.swift; path = ScanControls.swift; sourceTree = "<group>"; };
		1F98FA6129561F1E00C07FE3 /* Constants.swift */ = {isa = PBXFileReference; lastKnownFileType = sourcecode.swift; path = Constants.swift; sourceTree = "<group>"; };
		1FC7051C29706C0000EB191B /* DeviceModel.swift */ = {isa = PBXFileReference; lastKnownFileType = sourcecode.swift; path = DeviceModel.swift; sourceTree = "<group>"; };
		1FC70522297DD4E400EB191B /* Info.plist */ = {isa = PBXFileReference; lastKnownFileType = text.plist; path = Info.plist; sourceTree = "<group>"; };
/* End PBXFileReference section */

/* Begin PBXFrameworksBuildPhase section */
		1F98FA2B2948AA4A00C07FE3 /* Frameworks */ = {
			isa = PBXFrameworksBuildPhase;
			buildActionMask = 2147483647;
			files = (
			);
			runOnlyForDeploymentPostprocessing = 0;
		};
/* End PBXFrameworksBuildPhase section */

/* Begin PBXGroup section */
		1F98FA252948AA4A00C07FE3 = {
			isa = PBXGroup;
			children = (
				1F98FA302948AA4A00C07FE3 /* BLESwiftUI */,
				1F98FA2F2948AA4A00C07FE3 /* Products */,
			);
			sourceTree = "<group>";
		};
		1F98FA2F2948AA4A00C07FE3 /* Products */ = {
			isa = PBXGroup;
			children = (
				1F98FA2E2948AA4A00C07FE3 /* BLESwiftUI.app */,
			);
			name = Products;
			sourceTree = "<group>";
		};
		1F98FA302948AA4A00C07FE3 /* BLESwiftUI */ = {
			isa = PBXGroup;
			children = (
				1FC70522297DD4E400EB191B /* Info.plist */,
				1FC7051F2977052700EB191B /* Views */,
				1FC7051E2977050100EB191B /* Models */,
				1FC70520297705E100EB191B /* Services */,
				1FC705212977061B00EB191B /* ViewModels */,
				1F98FA6129561F1E00C07FE3 /* Constants.swift */,
				1F98FA352948AA4C00C07FE3 /* Assets.xcassets */,
				1F98FA372948AA4C00C07FE3 /* Preview Content */,
			);
			path = BLESwiftUI;
			sourceTree = "<group>";
		};
		1F98FA372948AA4C00C07FE3 /* Preview Content */ = {
			isa = PBXGroup;
			children = (
				1F98FA382948AA4C00C07FE3 /* Preview Assets.xcassets */,
			);
			path = "Preview Content";
			sourceTree = "<group>";
		};
		1FC7051E2977050100EB191B /* Models */ = {
			isa = PBXGroup;
			children = (
				1FC7051C29706C0000EB191B /* DeviceModel.swift */,
				1F98FA432948DE4800C07FE3 /* Peripheral.swift */,
			);
			path = Models;
			sourceTree = "<group>";
		};
		1FC7051F2977052700EB191B /* Views */ = {
			isa = PBXGroup;
			children = (
				1F98FA312948AA4A00C07FE3 /* BLESwiftUIApp.swift */,
				1F98FA332948AA4A00C07FE3 /* ContentView.swift */,
				1F98FA3F2948AC3B00C07FE3 /* DeviceList.swift */,
				1F98FA4B2949FED500C07FE3 /* PeripheralDetail.swift */,
				1F98FA5F29549F0E00C07FE3 /* ScanControls.swift */,
				1F98FA472949D24600C07FE3 /* CustomButton.swift */,
			);
			path = Views;
			sourceTree = "<group>";
		};
		1FC70520297705E100EB191B /* Services */ = {
			isa = PBXGroup;
			children = (
				1F98FA412948B50A00C07FE3 /* BLEManager.swift */,
			);
			path = Services;
			sourceTree = "<group>";
		};
		1FC705212977061B00EB191B /* ViewModels */ = {
			isa = PBXGroup;
			children = (
				1F98FA5D295096AD00C07FE3 /* PeripheralViewModel.swift */,
			);
			path = ViewModels;
			sourceTree = "<group>";
		};
/* End PBXGroup section */

/* Begin PBXNativeTarget section */
		1F98FA2D2948AA4A00C07FE3 /* BLESwiftUI */ = {
			isa = PBXNativeTarget;
			buildConfigurationList = 1F98FA3C2948AA4C00C07FE3 /* Build configuration list for PBXNativeTarget "BLESwiftUI" */;
			buildPhases = (
				1F98FA2A2948AA4A00C07FE3 /* Sources */,
				1F98FA2B2948AA4A00C07FE3 /* Frameworks */,
				1F98FA2C2948AA4A00C07FE3 /* Resources */,
			);
			buildRules = (
			);
			dependencies = (
			);
			name = BLESwiftUI;
			productName = BLESwiftUI;
			productReference = 1F98FA2E2948AA4A00C07FE3 /* BLESwiftUI.app */;
			productType = "com.apple.product-type.application";
		};
/* End PBXNativeTarget section */

/* Begin PBXProject section */
		1F98FA262948AA4A00C07FE3 /* Project object */ = {
			isa = PBXProject;
			attributes = {
				BuildIndependentTargetsInParallel = 1;
				LastSwiftUpdateCheck = 1410;
				LastUpgradeCheck = 1410;
				TargetAttributes = {
					1F98FA2D2948AA4A00C07FE3 = {
						CreatedOnToolsVersion = 14.1;
					};
				};
			};
			buildConfigurationList = 1F98FA292948AA4A00C07FE3 /* Build configuration list for PBXProject "BLESwiftUI" */;
			compatibilityVersion = "Xcode 14.0";
			developmentRegion = en;
			hasScannedForEncodings = 0;
			knownRegions = (
				en,
				Base,
			);
			mainGroup = 1F98FA252948AA4A00C07FE3;
			productRefGroup = 1F98FA2F2948AA4A00C07FE3 /* Products */;
			projectDirPath = "";
			projectRoot = "";
			targets = (
				1F98FA2D2948AA4A00C07FE3 /* BLESwiftUI */,
			);
		};
/* End PBXProject section */

/* Begin PBXResourcesBuildPhase section */
		1F98FA2C2948AA4A00C07FE3 /* Resources */ = {
			isa = PBXResourcesBuildPhase;
			buildActionMask = 2147483647;
			files = (
				1F98FA392948AA4C00C07FE3 /* Preview Assets.xcassets in Resources */,
				1F98FA362948AA4C00C07FE3 /* Assets.xcassets in Resources */,
			);
			runOnlyForDeploymentPostprocessing = 0;
		};
/* End PBXResourcesBuildPhase section */

/* Begin PBXSourcesBuildPhase section */
		1F98FA2A2948AA4A00C07FE3 /* Sources */ = {
			isa = PBXSourcesBuildPhase;
			buildActionMask = 2147483647;
			files = (
				1F98FA442948DE4800C07FE3 /* Peripheral.swift in Sources */,
				1F98FA402948AC3B00C07FE3 /* DeviceList.swift in Sources */,
				1F98FA6029549F0E00C07FE3 /* ScanControls.swift in Sources */,
				1F98FA482949D24600C07FE3 /* CustomButton.swift in Sources */,
				1F98FA422948B50A00C07FE3 /* BLEManager.swift in Sources */,
				1F98FA6229561F1E00C07FE3 /* Constants.swift in Sources */,
				1F98FA5E295096AD00C07FE3 /* PeripheralViewModel.swift in Sources */,
				1F98FA4C2949FED500C07FE3 /* PeripheralDetail.swift in Sources */,
				1FC7051D29706C0000EB191B /* DeviceModel.swift in Sources */,
				1F98FA342948AA4A00C07FE3 /* ContentView.swift in Sources */,
				1F98FA322948AA4A00C07FE3 /* BLESwiftUIApp.swift in Sources */,
			);
			runOnlyForDeploymentPostprocessing = 0;
		};
/* End PBXSourcesBuildPhase section */

/* Begin XCBuildConfiguration section */
		1F98FA3A2948AA4C00C07FE3 /* Debug */ = {
			isa = XCBuildConfiguration;
			buildSettings = {
				ALWAYS_SEARCH_USER_PATHS = NO;
				CLANG_ANALYZER_NONNULL = YES;
				CLANG_ANALYZER_NUMBER_OBJECT_CONVERSION = YES_AGGRESSIVE;
				CLANG_CXX_LANGUAGE_STANDARD = "gnu++20";
				CLANG_ENABLE_MODULES = YES;
				CLANG_ENABLE_OBJC_ARC = YES;
				CLANG_ENABLE_OBJC_WEAK = YES;
				CLANG_WARN_BLOCK_CAPTURE_AUTORELEASING = YES;
				CLANG_WARN_BOOL_CONVERSION = YES;
				CLANG_WARN_COMMA = YES;
				CLANG_WARN_CONSTANT_CONVERSION = YES;
				CLANG_WARN_DEPRECATED_OBJC_IMPLEMENTATIONS = YES;
				CLANG_WARN_DIRECT_OBJC_ISA_USAGE = YES_ERROR;
				CLANG_WARN_DOCUMENTATION_COMMENTS = YES;
				CLANG_WARN_EMPTY_BODY = YES;
				CLANG_WARN_ENUM_CONVERSION = YES;
				CLANG_WARN_INFINITE_RECURSION = YES;
				CLANG_WARN_INT_CONVERSION = YES;
				CLANG_WARN_NON_LITERAL_NULL_CONVERSION = YES;
				CLANG_WARN_OBJC_IMPLICIT_RETAIN_SELF = YES;
				CLANG_WARN_OBJC_LITERAL_CONVERSION = YES;
				CLANG_WARN_OBJC_ROOT_CLASS = YES_ERROR;
				CLANG_WARN_QUOTED_INCLUDE_IN_FRAMEWORK_HEADER = YES;
				CLANG_WARN_RANGE_LOOP_ANALYSIS = YES;
				CLANG_WARN_STRICT_PROTOTYPES = YES;
				CLANG_WARN_SUSPICIOUS_MOVE = YES;
				CLANG_WARN_UNGUARDED_AVAILABILITY = YES_AGGRESSIVE;
				CLANG_WARN_UNREACHABLE_CODE = YES;
				CLANG_WARN__DUPLICATE_METHOD_MATCH = YES;
				COPY_PHASE_STRIP = NO;
				DEBUG_INFORMATION_FORMAT = dwarf;
				ENABLE_STRICT_OBJC_MSGSEND = YES;
				ENABLE_TESTABILITY = YES;
				GCC_C_LANGUAGE_STANDARD = gnu11;
				GCC_DYNAMIC_NO_PIC = NO;
				GCC_NO_COMMON_BLOCKS = YES;
				GCC_OPTIMIZATION_LEVEL = 0;
				GCC_PREPROCESSOR_DEFINITIONS = (
					"DEBUG=1",
					"$(inherited)",
				);
				GCC_WARN_64_TO_32_BIT_CONVERSION = YES;
				GCC_WARN_ABOUT_RETURN_TYPE = YES_ERROR;
				GCC_WARN_UNDECLARED_SELECTOR = YES;
				GCC_WARN_UNINITIALIZED_AUTOS = YES_AGGRESSIVE;
				GCC_WARN_UNUSED_FUNCTION = YES;
				GCC_WARN_UNUSED_VARIABLE = YES;
				IPHONEOS_DEPLOYMENT_TARGET = 16.1;
				MTL_ENABLE_DEBUG_INFO = INCLUDE_SOURCE;
				MTL_FAST_MATH = YES;
				ONLY_ACTIVE_ARCH = YES;
				SDKROOT = iphoneos;
				SWIFT_ACTIVE_COMPILATION_CONDITIONS = DEBUG;
				SWIFT_OPTIMIZATION_LEVEL = "-Onone";
			};
			name = Debug;
		};
		1F98FA3B2948AA4C00C07FE3 /* Release */ = {
			isa = XCBuildConfiguration;
			buildSettings = {
				ALWAYS_SEARCH_USER_PATHS = NO;
				CLANG_ANALYZER_NONNULL = YES;
				CLANG_ANALYZER_NUMBER_OBJECT_CONVERSION = YES_AGGRESSIVE;
				CLANG_CXX_LANGUAGE_STANDARD = "gnu++20";
				CLANG_ENABLE_MODULES = YES;
				CLANG_ENABLE_OBJC_ARC = YES;
				CLANG_ENABLE_OBJC_WEAK = YES;
				CLANG_WARN_BLOCK_CAPTURE_AUTORELEASING = YES;
				CLANG_WARN_BOOL_CONVERSION = YES;
				CLANG_WARN_COMMA = YES;
				CLANG_WARN_CONSTANT_CONVERSION = YES;
				CLANG_WARN_DEPRECATED_OBJC_IMPLEMENTATIONS = YES;
				CLANG_WARN_DIRECT_OBJC_ISA_USAGE = YES_ERROR;
				CLANG_WARN_DOCUMENTATION_COMMENTS = YES;
				CLANG_WARN_EMPTY_BODY = YES;
				CLANG_WARN_ENUM_CONVERSION = YES;
				CLANG_WARN_INFINITE_RECURSION = YES;
				CLANG_WARN_INT_CONVERSION = YES;
				CLANG_WARN_NON_LITERAL_NULL_CONVERSION = YES;
				CLANG_WARN_OBJC_IMPLICIT_RETAIN_SELF = YES;
				CLANG_WARN_OBJC_LITERAL_CONVERSION = YES;
				CLANG_WARN_OBJC_ROOT_CLASS = YES_ERROR;
				CLANG_WARN_QUOTED_INCLUDE_IN_FRAMEWORK_HEADER = YES;
				CLANG_WARN_RANGE_LOOP_ANALYSIS = YES;
				CLANG_WARN_STRICT_PROTOTYPES = YES;
				CLANG_WARN_SUSPICIOUS_MOVE = YES;
				CLANG_WARN_UNGUARDED_AVAILABILITY = YES_AGGRESSIVE;
				CLANG_WARN_UNREACHABLE_CODE = YES;
				CLANG_WARN__DUPLICATE_METHOD_MATCH = YES;
				COPY_PHASE_STRIP = NO;
				DEBUG_INFORMATION_FORMAT = "dwarf-with-dsym";
				ENABLE_NS_ASSERTIONS = NO;
				ENABLE_STRICT_OBJC_MSGSEND = YES;
				GCC_C_LANGUAGE_STANDARD = gnu11;
				GCC_NO_COMMON_BLOCKS = YES;
				GCC_WARN_64_TO_32_BIT_CONVERSION = YES;
				GCC_WARN_ABOUT_RETURN_TYPE = YES_ERROR;
				GCC_WARN_UNDECLARED_SELECTOR = YES;
				GCC_WARN_UNINITIALIZED_AUTOS = YES_AGGRESSIVE;
				GCC_WARN_UNUSED_FUNCTION = YES;
				GCC_WARN_UNUSED_VARIABLE = YES;
				IPHONEOS_DEPLOYMENT_TARGET = 16.1;
				MTL_ENABLE_DEBUG_INFO = NO;
				MTL_FAST_MATH = YES;
				SDKROOT = iphoneos;
				SWIFT_COMPILATION_MODE = wholemodule;
				SWIFT_OPTIMIZATION_LEVEL = "-O";
				VALIDATE_PRODUCT = YES;
			};
			name = Release;
		};
		1F98FA3D2948AA4C00C07FE3 /* Debug */ = {
			isa = XCBuildConfiguration;
			buildSettings = {
				ASSETCATALOG_COMPILER_APPICON_NAME = AppIcon;
				ASSETCATALOG_COMPILER_GLOBAL_ACCENT_COLOR_NAME = AccentColor;
				CODE_SIGN_STYLE = Automatic;
				CURRENT_PROJECT_VERSION = 1;
				DEVELOPMENT_ASSET_PATHS = "\"BLESwiftUI/Preview Content\"";
				DEVELOPMENT_TEAM = 2G4LW83Q3E;
				ENABLE_PREVIEWS = YES;
				GENERATE_INFOPLIST_FILE = YES;
				INFOPLIST_FILE = BLESwiftUI/Info.plist;
				INFOPLIST_KEY_NSBluetoothAlwaysUsageDescription = "This app uses Bluetooth for scanning peripheral devices.";
				INFOPLIST_KEY_NSBluetoothPeripheralUsageDescription = "This app uses Bluetooth for scanning peripheral devices.";
				INFOPLIST_KEY_UIApplicationSceneManifest_Generation = YES;
				INFOPLIST_KEY_UIApplicationSupportsIndirectInputEvents = YES;
				INFOPLIST_KEY_UILaunchScreen_Generation = YES;
				INFOPLIST_KEY_UISupportedInterfaceOrientations_iPad = "UIInterfaceOrientationPortrait UIInterfaceOrientationPortraitUpsideDown UIInterfaceOrientationLandscapeLeft UIInterfaceOrientationLandscapeRight";
				INFOPLIST_KEY_UISupportedInterfaceOrientations_iPhone = "UIInterfaceOrientationPortrait UIInterfaceOrientationLandscapeLeft UIInterfaceOrientationLandscapeRight";
				IPHONEOS_DEPLOYMENT_TARGET = 15.5;
				LD_RUNPATH_SEARCH_PATHS = (
					"$(inherited)",
					"@executable_path/Frameworks",
				);
				MARKETING_VERSION = 1.0;
				PRODUCT_BUNDLE_IDENTIFIER = com.ashleyOldham.BLESwiftUI;
				PRODUCT_NAME = "$(TARGET_NAME)";
				SWIFT_EMIT_LOC_STRINGS = YES;
				SWIFT_VERSION = 5.0;
				TARGETED_DEVICE_FAMILY = "1,2";
			};
			name = Debug;
		};
		1F98FA3E2948AA4C00C07FE3 /* Release */ = {
			isa = XCBuildConfiguration;
			buildSettings = {
				ASSETCATALOG_COMPILER_APPICON_NAME = AppIcon;
				ASSETCATALOG_COMPILER_GLOBAL_ACCENT_COLOR_NAME = AccentColor;
				CODE_SIGN_STYLE = Automatic;
				CURRENT_PROJECT_VERSION = 1;
				DEVELOPMENT_ASSET_PATHS = "\"BLESwiftUI/Preview Content\"";
				DEVELOPMENT_TEAM = 2G4LW83Q3E;
				ENABLE_PREVIEWS = YES;
				GENERATE_INFOPLIST_FILE = YES;
				INFOPLIST_FILE = BLESwiftUI/Info.plist;
				INFOPLIST_KEY_NSBluetoothAlwaysUsageDescription = "This app uses Bluetooth for scanning peripheral devices.";
				INFOPLIST_KEY_NSBluetoothPeripheralUsageDescription = "This app uses Bluetooth for scanning peripheral devices.";
				INFOPLIST_KEY_UIApplicationSceneManifest_Generation = YES;
				INFOPLIST_KEY_UIApplicationSupportsIndirectInputEvents = YES;
				INFOPLIST_KEY_UILaunchScreen_Generation = YES;
				INFOPLIST_KEY_UISupportedInterfaceOrientations_iPad = "UIInterfaceOrientationPortrait UIInterfaceOrientationPortraitUpsideDown UIInterfaceOrientationLandscapeLeft UIInterfaceOrientationLandscapeRight";
				INFOPLIST_KEY_UISupportedInterfaceOrientations_iPhone = "UIInterfaceOrientationPortrait UIInterfaceOrientationLandscapeLeft UIInterfaceOrientationLandscapeRight";
				IPHONEOS_DEPLOYMENT_TARGET = 15.5;
				LD_RUNPATH_SEARCH_PATHS = (
					"$(inherited)",
					"@executable_path/Frameworks",
				);
				MARKETING_VERSION = 1.0;
				PRODUCT_BUNDLE_IDENTIFIER = com.ashleyOldham.BLESwiftUI;
				PRODUCT_NAME = "$(TARGET_NAME)";
				SWIFT_EMIT_LOC_STRINGS = YES;
				SWIFT_VERSION = 5.0;
				TARGETED_DEVICE_FAMILY = "1,2";
			};
			name = Release;
		};
/* End XCBuildConfiguration section */

/* Begin XCConfigurationList section */
		1F98FA292948AA4A00C07FE3 /* Build configuration list for PBXProject "BLESwiftUI" */ = {
			isa = XCConfigurationList;
			buildConfigurations = (
				1F98FA3A2948AA4C00C07FE3 /* Debug */,
				1F98FA3B2948AA4C00C07FE3 /* Release */,
			);
			defaultConfigurationIsVisible = 0;
			defaultConfigurationName = Release;
		};
		1F98FA3C2948AA4C00C07FE3 /* Build configuration list for PBXNativeTarget "BLESwiftUI" */ = {
			isa = XCConfigurationList;
			buildConfigurations = (
				1F98FA3D2948AA4C00C07FE3 /* Debug */,
				1F98FA3E2948AA4C00C07FE3 /* Release */,
			);
			defaultConfigurationIsVisible = 0;
			defaultConfigurationName = Release;
		};
/* End XCConfigurationList section */
	};
	rootObject = 1F98FA262948AA4A00C07FE3 /* Project object */;
}
